Microsoft Visual Studio Solution File, Format Version 12.00
# Visual Studio Version 16
VisualStudioVersion = 16.0.29306.81
MinimumVisualStudioVersion = 10.0.40219.1
Project("{FAE04EC0-301F-11D3-BF4B-00C04F79EFBC}") = "Hamazon.Android", "Hamazon.Android\Hamazon.Android.csproj", "{0F8F61DB-1F4B-4645-8FFE-6ACA8D16DC4E}"
EndProject
Project("{FAE04EC0-301F-11D3-BF4B-00C04F79EFBC}") = "Hamazon.iOS", "Hamazon.iOS\Hamazon.iOS.csproj", "{4FD68A07-5077-4223-A6C0-843AEC6A6AC5}"
EndProject
Project("{9A19103F-16F7-4668-BE54-9A1E7A4F7556}") = "Hamazon", "Hamazon\Hamazon.csproj", "{EC9F4889-90B9-47FE-9010-11BBC3C1C75F}"
EndProject
Global
	GlobalSection(SolutionConfigurationPlatforms) = preSolution
		Debug|Any CPU = Debug|Any CPU
		Debug|iPhone = Debug|iPhone
		Debug|iPhoneSimulator = Debug|iPhoneSimulator
		Release|Any CPU = Release|Any CPU
		Release|iPhone = Release|iPhone
		Release|iPhoneSimulator = Release|iPhoneSimulator
	EndGlobalSection
	GlobalSection(ProjectConfigurationPlatforms) = postSolution
		{0F8F61DB-1F4B-4645-8FFE-6ACA8D16DC4E}.Debug|Any CPU.ActiveCfg = Debug|Any CPU
		{0F8F61DB-1F4B-4645-8FFE-6ACA8D16DC4E}.Debug|Any CPU.Build.0 = Debug|Any CPU
		{0F8F61DB-1F4B-4645-8FFE-6ACA8D16DC4E}.Debug|Any CPU.Deploy.0 = Debug|Any CPU
		{0F8F61DB-1F4B-4645-8FFE-6ACA8D16DC4E}.Debug|iPhone.ActiveCfg = Debug|Any CPU
		{0F8F61DB-1F4B-4645-8FFE-6ACA8D16DC4E}.Debug|iPhone.Build.0 = Debug|Any CPU
		{0F8F61DB-1F4B-4645-8FFE-6ACA8D16DC4E}.Debug|iPhoneSimulator.ActiveCfg = Debug|Any CPU
		{0F8F61DB-1F4B-4645-8FFE-6ACA8D16DC4E}.Debug|iPhoneSimulator.Build.0 = Debug|Any CPU
		{0F8F61DB-1F4B-4645-8FFE-6ACA8D16DC4E}.Release|Any CPU.ActiveCfg = Release|Any CPU
		{0F8F61DB-1F4B-4645-8FFE-6ACA8D16DC4E}.Release|Any CPU.Build.0 = Release|Any CPU
		{0F8F61DB-1F4B-4645-8FFE-6ACA8D16DC4E}.Release|iPhone.ActiveCfg = Release|Any CPU
		{0F8F61DB-1F4B-4645-8FFE-6ACA8D16DC4E}.Release|iPhone.Build.0 = Release|Any CPU
		{0F8F61DB-1F4B-4645-8FFE-6ACA8D16DC4E}.Release|iPhoneSimulator.ActiveCfg = Release|Any CPU
		{0F8F61DB-1F4B-4645-8FFE-6ACA8D16DC4E}.Release|iPhoneSimulator.Build.0 = Release|Any CPU
		{4FD68A07-5077-4223-A6C0-843AEC6A6AC5}.Debug|Any CPU.ActiveCfg = Debug|iPhoneSimulator
		{4FD68A07-5077-4223-A6C0-843AEC6A6AC5}.Debug|Any CPU.Build.0 = Debug|iPhoneSimulator
		{4FD68A07-5077-4223-A6C0-843AEC6A6AC5}.Debug|iPhone.ActiveCfg = Debug|iPhone
		{4FD68A07-5077-4223-A6C0-843AEC6A6AC5}.Debug|iPhone.Build.0 = Debug|iPhone
		{4FD68A07-5077-4223-A6C0-843AEC6A6AC5}.Debug|iPhoneSimulator.ActiveCfg = Debug|iPhoneSimulator
		{4FD68A07-5077-4223-A6C0-843AEC6A6AC5}.Debug|iPhoneSimulator.Build.0 = Debug|iPhoneSimulator
		{4FD68A07-5077-4223-A6C0-843AEC6A6AC5}.Release|Any CPU.ActiveCfg = Release|iPhoneSimulator
		{4FD68A07-5077-4223-A6C0-843AEC6A6AC5}.Release|Any CPU.Build.0 = Release|iPhoneSimulator
		{4FD68A07-5077-4223-A6C0-843AEC6A6AC5}.Release|iPhone.ActiveCfg = Release|iPhone
		{4FD68A07-5077-4223-A6C0-843AEC6A6AC5}.Release|iPhone.Build.0 = Release|iPhone
		{4FD68A07-5077-4223-A6C0-843AEC6A6AC5}.Release|iPhoneSimulator.ActiveCfg = Release|iPhoneSimulator
		{4FD68A07-5077-4223-A6C0-843AEC6A6AC5}.Release|iPhoneSimulator.Build.0 = Release|iPhoneSimulator
		{EC9F4889-90B9-47FE-9010-11BBC3C1C75F}.Debug|Any CPU.ActiveCfg = Debug|Any CPU
		{EC9F4889-90B9-47FE-9010-11BBC3C1C75F}.Debug|Any CPU.Build.0 = Debug|Any CPU
		{EC9F4889-90B9-47FE-9010-11BBC3C1C75F}.Debug|iPhone.ActiveCfg = Debug|Any CPU
		{EC9F4889-90B9-47FE-9010-11BBC3C1C75F}.Debug|iPhone.Build.0 = Debug|Any CPU
		{EC9F4889-90B9-47FE-9010-11BBC3C1C75F}.Debug|iPhoneSimulator.ActiveCfg = Debug|Any CPU
		{EC9F4889-90B9-47FE-9010-11BBC3C1C75F}.Debug|iPhoneSimulator.Build.0 = Debug|Any CPU
		{EC9F4889-90B9-47FE-9010-11BBC3C1C75F}.Release|Any CPU.ActiveCfg = Release|Any CPU
		{EC9F4889-90B9-47FE-9010-11BBC3C1C75F}.Release|Any CPU.Build.0 = Release|Any CPU
		{EC9F4889-90B9-47FE-9010-11BBC3C1C75F}.Release|iPhone.ActiveCfg = Release|Any CPU
		{EC9F4889-90B9-47FE-9010-11BBC3C1C75F}.Release|iPhone.Build.0 = Release|Any CPU
		{EC9F4889-90B9-47FE-9010-11BBC3C1C75F}.Release|iPhoneSimulator.ActiveCfg = Release|Any CPU
		{EC9F4889-90B9-47FE-9010-11BBC3C1C75F}.Release|iPhoneSimulator.Build.0 = Release|Any CPU
	EndGlobalSection
	GlobalSection(SolutionProperties) = preSolution
		HideSolutionNode = FALSE
	EndGlobalSection
	GlobalSection(ExtensibilityGlobals) = postSolution
		SolutionGuid = {9964964E-3205-4396-AE23-480C197C3558}
	EndGlobalSection
EndGlobal
